// !$*UTF8*$!
{
	archiveVersion = 1;
	classes = {
	};
	objectVersion = 56;
	objects = {

/* Begin PBXBuildFile section */
		AF3A7AE62938A796001AFD21 /* premier_voyagesApp.swift in Sources */ = {isa = PBXBuildFile; fileRef = AF3A7AE52938A796001AFD21 /* premier_voyagesApp.swift */; };
		AF3A7AED2938A797001AFD21 /* Preview Assets.xcassets in Resources */ = {isa = PBXBuildFile; fileRef = AF3A7AEC2938A797001AFD21 /* Preview Assets.xcassets */; };
		AF7D5C3C293F801E001703F0 /* Suggestions.swift in Sources */ = {isa = PBXBuildFile; fileRef = AF7D5C3B293F801E001703F0 /* Suggestions.swift */; };
		AFEEB68B29433436008731C3 /* Media.xcassets in Resources */ = {isa = PBXBuildFile; fileRef = AFEEB68A29433436008731C3 /* Media.xcassets */; };
		AFF4F390294A03FA00A9B1D2 /* MesVoyagesVisites.swift in Sources */ = {isa = PBXBuildFile; fileRef = AFF4F38F294A03FA00A9B1D2 /* MesVoyagesVisites.swift */; };
		AFF4F392294A04AB00A9B1D2 /* Favoris.swift in Sources */ = {isa = PBXBuildFile; fileRef = AFF4F391294A04AB00A9B1D2 /* Favoris.swift */; };
		AFF4F39A294A1F1500A9B1D2 /* ProjetVoyageAppMobile.swift in Sources */ = {isa = PBXBuildFile; fileRef = AFF4F399294A1F1500A9B1D2 /* ProjetVoyageAppMobile.swift */; };
		AFF4F39C294A1F2D00A9B1D2 /* ZoneClickable.swift in Sources */ = {isa = PBXBuildFile; fileRef = AFF4F39B294A1F2D00A9B1D2 /* ZoneClickable.swift */; };
		AFF4F39E294A1F4800A9B1D2 /* IsClicQuiz.swift in Sources */ = {isa = PBXBuildFile; fileRef = AFF4F39D294A1F4800A9B1D2 /* IsClicQuiz.swift */; };
		AFF4F3A0294A233300A9B1D2 /* ContentView.swift in Sources */ = {isa = PBXBuildFile; fileRef = AFF4F39F294A233300A9B1D2 /* ContentView.swift */; };
		AFF4F3A3294A2C1600A9B1D2 /* DetailInformations.swift in Sources */ = {isa = PBXBuildFile; fileRef = AFF4F3A1294A2C1600A9B1D2 /* DetailInformations.swift */; };
		AFF4F3A4294A2C1600A9B1D2 /* Detail.swift in Sources */ = {isa = PBXBuildFile; fileRef = AFF4F3A2294A2C1600A9B1D2 /* Detail.swift */; };
/* End PBXBuildFile section */

/* Begin PBXFileReference section */
		AF3A7AE22938A796001AFD21 /* premier_voyages.app */ = {isa = PBXFileReference; explicitFileType = wrapper.application; includeInIndex = 0; path = premier_voyages.app; sourceTree = BUILT_PRODUCTS_DIR; };
		AF3A7AE52938A796001AFD21 /* premier_voyagesApp.swift */ = {isa = PBXFileReference; lastKnownFileType = sourcecode.swift; path = premier_voyagesApp.swift; sourceTree = "<group>"; };
		AF3A7AEC2938A797001AFD21 /* Preview Assets.xcassets */ = {isa = PBXFileReference; lastKnownFileType = folder.assetcatalog; path = "Preview Assets.xcassets"; sourceTree = "<group>"; };
		AF7D5C3B293F801E001703F0 /* Suggestions.swift */ = {isa = PBXFileReference; lastKnownFileType = sourcecode.swift; path = Suggestions.swift; sourceTree = "<group>"; usesTabs = 0; };
		AFEEB68A29433436008731C3 /* Media.xcassets */ = {isa = PBXFileReference; lastKnownFileType = folder.assetcatalog; path = Media.xcassets; sourceTree = "<group>"; };
		AFF4F38F294A03FA00A9B1D2 /* MesVoyagesVisites.swift */ = {isa = PBXFileReference; fileEncoding = 4; lastKnownFileType = sourcecode.swift; path = MesVoyagesVisites.swift; sourceTree = "<group>"; };
		AFF4F391294A04AB00A9B1D2 /* Favoris.swift */ = {isa = PBXFileReference; fileEncoding = 4; lastKnownFileType = sourcecode.swift; path = Favoris.swift; sourceTree = "<group>"; };
		AFF4F399294A1F1500A9B1D2 /* ProjetVoyageAppMobile.swift */ = {isa = PBXFileReference; fileEncoding = 4; lastKnownFileType = sourcecode.swift; path = ProjetVoyageAppMobile.swift; sourceTree = "<group>"; };
		AFF4F39B294A1F2D00A9B1D2 /* ZoneClickable.swift */ = {isa = PBXFileReference; fileEncoding = 4; lastKnownFileType = sourcecode.swift; path = ZoneClickable.swift; sourceTree = "<group>"; };
		AFF4F39D294A1F4800A9B1D2 /* IsClicQuiz.swift */ = {isa = PBXFileReference; fileEncoding = 4; lastKnownFileType = sourcecode.swift; path = IsClicQuiz.swift; sourceTree = "<group>"; };
		AFF4F39F294A233300A9B1D2 /* ContentView.swift */ = {isa = PBXFileReference; fileEncoding = 4; lastKnownFileType = sourcecode.swift; path = ContentView.swift; sourceTree = "<group>"; };
		AFF4F3A1294A2C1600A9B1D2 /* DetailInformations.swift */ = {isa = PBXFileReference; fileEncoding = 4; lastKnownFileType = sourcecode.swift; path = DetailInformations.swift; sourceTree = "<group>"; };
		AFF4F3A2294A2C1600A9B1D2 /* Detail.swift */ = {isa = PBXFileReference; fileEncoding = 4; lastKnownFileType = sourcecode.swift; path = Detail.swift; sourceTree = "<group>"; };
/* End PBXFileReference section */

/* Begin PBXFrameworksBuildPhase section */
		AF3A7ADF2938A796001AFD21 /* Frameworks */ = {
			isa = PBXFrameworksBuildPhase;
			buildActionMask = 2147483647;
			files = (
			);
			runOnlyForDeploymentPostprocessing = 0;
		};
/* End PBXFrameworksBuildPhase section */

/* Begin PBXGroup section */
		AF3A7AD92938A796001AFD21 = {
			isa = PBXGroup;
			children = (
				AF3A7AE42938A796001AFD21 /* premier_voyages */,
				AF3A7AE32938A796001AFD21 /* Products */,
			);
			sourceTree = "<group>";
		};
		AF3A7AE32938A796001AFD21 /* Products */ = {
			isa = PBXGroup;
			children = (
				AF3A7AE22938A796001AFD21 /* premier_voyages.app */,
			);
			name = Products;
			sourceTree = "<group>";
		};
		AF3A7AE42938A796001AFD21 /* premier_voyages */ = {
			isa = PBXGroup;
			children = (
				AF3A7AE52938A796001AFD21 /* premier_voyagesApp.swift */,
				AFF4F38E294A024700A9B1D2 /* Easy_travel */,
				AFEEB68A29433436008731C3 /* Media.xcassets */,
				AF3A7AEB2938A797001AFD21 /* Preview Content */,
			);
			path = premier_voyages;
			sourceTree = "<group>";
		};
		AF3A7AEB2938A797001AFD21 /* Preview Content */ = {
			isa = PBXGroup;
			children = (
				AF3A7AEC2938A797001AFD21 /* Preview Assets.xcassets */,
			);
			path = "Preview Content";
			sourceTree = "<group>";
		};
		AFF4F38E294A024700A9B1D2 /* Easy_travel */ = {
			isa = PBXGroup;
			children = (
				AFF4F39F294A233300A9B1D2 /* ContentView.swift */,
				AFF4F399294A1F1500A9B1D2 /* ProjetVoyageAppMobile.swift */,
				AFF4F39B294A1F2D00A9B1D2 /* ZoneClickable.swift */,
				AFF4F39D294A1F4800A9B1D2 /* IsClicQuiz.swift */,
				AFF4F38F294A03FA00A9B1D2 /* MesVoyagesVisites.swift */,
				AFF4F3A2294A2C1600A9B1D2 /* Detail.swift */,
				AFF4F3A1294A2C1600A9B1D2 /* DetailInformations.swift */,
				AFF4F391294A04AB00A9B1D2 /* Favoris.swift */,
				AF7D5C3B293F801E001703F0 /* Suggestions.swift */,
			);
			path = Easy_travel;
			sourceTree = "<group>";
		};
/* End PBXGroup section */

/* Begin PBXNativeTarget section */
		AF3A7AE12938A796001AFD21 /* premier_voyages */ = {
			isa = PBXNativeTarget;
			buildConfigurationList = AF3A7AF02938A797001AFD21 /* Build configuration list for PBXNativeTarget "premier_voyages" */;
			buildPhases = (
				AF3A7ADE2938A796001AFD21 /* Sources */,
				AF3A7ADF2938A796001AFD21 /* Frameworks */,
				AF3A7AE02938A796001AFD21 /* Resources */,
			);
			buildRules = (
			);
			dependencies = (
			);
			name = premier_voyages;
			productName = premier_voyages;
			productReference = AF3A7AE22938A796001AFD21 /* premier_voyages.app */;
			productType = "com.apple.product-type.application";
		};
/* End PBXNativeTarget section */

/* Begin PBXProject section */
		AF3A7ADA2938A796001AFD21 /* Project object */ = {
			isa = PBXProject;
			attributes = {
				BuildIndependentTargetsInParallel = 1;
				LastSwiftUpdateCheck = 1410;
				LastUpgradeCheck = 1410;
				TargetAttributes = {
					AF3A7AE12938A796001AFD21 = {
						CreatedOnToolsVersion = 14.1;
					};
				};
			};
			buildConfigurationList = AF3A7ADD2938A796001AFD21 /* Build configuration list for PBXProject "premier_voyages" */;
			compatibilityVersion = "Xcode 14.0";
			developmentRegion = en;
			hasScannedForEncodings = 0;
			knownRegions = (
				en,
				Base,
			);
			mainGroup = AF3A7AD92938A796001AFD21;
			productRefGroup = AF3A7AE32938A796001AFD21 /* Products */;
			projectDirPath = "";
			projectRoot = "";
			targets = (
				AF3A7AE12938A796001AFD21 /* premier_voyages */,
			);
		};
/* End PBXProject section */

/* Begin PBXResourcesBuildPhase section */
		AF3A7AE02938A796001AFD21 /* Resources */ = {
			isa = PBXResourcesBuildPhase;
			buildActionMask = 2147483647;
			files = (
				AFEEB68B29433436008731C3 /* Media.xcassets in Resources */,
				AF3A7AED2938A797001AFD21 /* Preview Assets.xcassets in Resources */,
			);
			runOnlyForDeploymentPostprocessing = 0;
		};
/* End PBXResourcesBuildPhase section */

/* Begin PBXSourcesBuildPhase section */
		AF3A7ADE2938A796001AFD21 /* Sources */ = {
			isa = PBXSourcesBuildPhase;
			buildActionMask = 2147483647;
			files = (
				AFF4F390294A03FA00A9B1D2 /* MesVoyagesVisites.swift in Sources */,
				AFF4F39C294A1F2D00A9B1D2 /* ZoneClickable.swift in Sources */,
				AFF4F39A294A1F1500A9B1D2 /* ProjetVoyageAppMobile.swift in Sources */,
				AF3A7AE62938A796001AFD21 /* premier_voyagesApp.swift in Sources */,
				AFF4F392294A04AB00A9B1D2 /* Favoris.swift in Sources */,
				AFF4F3A4294A2C1600A9B1D2 /* Detail.swift in Sources */,
				AFF4F3A0294A233300A9B1D2 /* ContentView.swift in Sources */,
				AFF4F3A3294A2C1600A9B1D2 /* DetailInformations.swift in Sources */,
				AF7D5C3C293F801E001703F0 /* Suggestions.swift in Sources */,
				AFF4F39E294A1F4800A9B1D2 /* IsClicQuiz.swift in Sources */,
			);
			runOnlyForDeploymentPostprocessing = 0;
		};
/* End PBXSourcesBuildPhase section */

/* Begin XCBuildConfiguration section */
		AF3A7AEE2938A797001AFD21 /* Debug */ = {
			isa = XCBuildConfiguration;
			buildSettings = {
				ALWAYS_SEARCH_USER_PATHS = NO;
				CLANG_ANALYZER_NONNULL = YES;
				CLANG_ANALYZER_NUMBER_OBJECT_CONVERSION = YES_AGGRESSIVE;
				CLANG_CXX_LANGUAGE_STANDARD = "gnu++20";
				CLANG_ENABLE_MODULES = YES;
				CLANG_ENABLE_OBJC_ARC = YES;
				CLANG_ENABLE_OBJC_WEAK = YES;
				CLANG_WARN_BLOCK_CAPTURE_AUTORELEASING = YES;
				CLANG_WARN_BOOL_CONVERSION = YES;
				CLANG_WARN_COMMA = YES;
				CLANG_WARN_CONSTANT_CONVERSION = YES;
				CLANG_WARN_DEPRECATED_OBJC_IMPLEMENTATIONS = YES;
				CLANG_WARN_DIRECT_OBJC_ISA_USAGE = YES_ERROR;
				CLANG_WARN_DOCUMENTATION_COMMENTS = YES;
				CLANG_WARN_EMPTY_BODY = YES;
				CLANG_WARN_ENUM_CONVERSION = YES;
				CLANG_WARN_INFINITE_RECURSION = YES;
				CLANG_WARN_INT_CONVERSION = YES;
				CLANG_WARN_NON_LITERAL_NULL_CONVERSION = YES;
				CLANG_WARN_OBJC_IMPLICIT_RETAIN_SELF = YES;
				CLANG_WARN_OBJC_LITERAL_CONVERSION = YES;
				CLANG_WARN_OBJC_ROOT_CLASS = YES_ERROR;
				CLANG_WARN_QUOTED_INCLUDE_IN_FRAMEWORK_HEADER = YES;
				CLANG_WARN_RANGE_LOOP_ANALYSIS = YES;
				CLANG_WARN_STRICT_PROTOTYPES = YES;
				CLANG_WARN_SUSPICIOUS_MOVE = YES;
				CLANG_WARN_UNGUARDED_AVAILABILITY = YES_AGGRESSIVE;
				CLANG_WARN_UNREACHABLE_CODE = YES;
				CLANG_WARN__DUPLICATE_METHOD_MATCH = YES;
				COPY_PHASE_STRIP = NO;
				DEBUG_INFORMATION_FORMAT = dwarf;
				ENABLE_STRICT_OBJC_MSGSEND = YES;
				ENABLE_TESTABILITY = YES;
				GCC_C_LANGUAGE_STANDARD = gnu11;
				GCC_DYNAMIC_NO_PIC = NO;
				GCC_NO_COMMON_BLOCKS = YES;
				GCC_OPTIMIZATION_LEVEL = 0;
				GCC_PREPROCESSOR_DEFINITIONS = (
					"DEBUG=1",
					"$(inherited)",
				);
				GCC_WARN_64_TO_32_BIT_CONVERSION = YES;
				GCC_WARN_ABOUT_RETURN_TYPE = YES_ERROR;
				GCC_WARN_UNDECLARED_SELECTOR = YES;
				GCC_WARN_UNINITIALIZED_AUTOS = YES_AGGRESSIVE;
				GCC_WARN_UNUSED_FUNCTION = YES;
				GCC_WARN_UNUSED_VARIABLE = YES;
				IPHONEOS_DEPLOYMENT_TARGET = 16.1;
				MTL_ENABLE_DEBUG_INFO = INCLUDE_SOURCE;
				MTL_FAST_MATH = YES;
				ONLY_ACTIVE_ARCH = YES;
				SDKROOT = iphoneos;
				SWIFT_ACTIVE_COMPILATION_CONDITIONS = DEBUG;
				SWIFT_OPTIMIZATION_LEVEL = "-Onone";
			};
			name = Debug;
		};
		AF3A7AEF2938A797001AFD21 /* Release */ = {
			isa = XCBuildConfiguration;
			buildSettings = {
				ALWAYS_SEARCH_USER_PATHS = NO;
				CLANG_ANALYZER_NONNULL = YES;
				CLANG_ANALYZER_NUMBER_OBJECT_CONVERSION = YES_AGGRESSIVE;
				CLANG_CXX_LANGUAGE_STANDARD = "gnu++20";
				CLANG_ENABLE_MODULES = YES;
				CLANG_ENABLE_OBJC_ARC = YES;
				CLANG_ENABLE_OBJC_WEAK = YES;
				CLANG_WARN_BLOCK_CAPTURE_AUTORELEASING = YES;
				CLANG_WARN_BOOL_CONVERSION = YES;
				CLANG_WARN_COMMA = YES;
				CLANG_WARN_CONSTANT_CONVERSION = YES;
				CLANG_WARN_DEPRECATED_OBJC_IMPLEMENTATIONS = YES;
				CLANG_WARN_DIRECT_OBJC_ISA_USAGE = YES_ERROR;
				CLANG_WARN_DOCUMENTATION_COMMENTS = YES;
				CLANG_WARN_EMPTY_BODY = YES;
				CLANG_WARN_ENUM_CONVERSION = YES;
				CLANG_WARN_INFINITE_RECURSION = YES;
				CLANG_WARN_INT_CONVERSION = YES;
				CLANG_WARN_NON_LITERAL_NULL_CONVERSION = YES;
				CLANG_WARN_OBJC_IMPLICIT_RETAIN_SELF = YES;
				CLANG_WARN_OBJC_LITERAL_CONVERSION = YES;
				CLANG_WARN_OBJC_ROOT_CLASS = YES_ERROR;
				CLANG_WARN_QUOTED_INCLUDE_IN_FRAMEWORK_HEADER = YES;
				CLANG_WARN_RANGE_LOOP_ANALYSIS = YES;
				CLANG_WARN_STRICT_PROTOTYPES = YES;
				CLANG_WARN_SUSPICIOUS_MOVE = YES;
				CLANG_WARN_UNGUARDED_AVAILABILITY = YES_AGGRESSIVE;
				CLANG_WARN_UNREACHABLE_CODE = YES;
				CLANG_WARN__DUPLICATE_METHOD_MATCH = YES;
				COPY_PHASE_STRIP = NO;
				DEBUG_INFORMATION_FORMAT = "dwarf-with-dsym";
				ENABLE_NS_ASSERTIONS = NO;
				ENABLE_STRICT_OBJC_MSGSEND = YES;
				GCC_C_LANGUAGE_STANDARD = gnu11;
				GCC_NO_COMMON_BLOCKS = YES;
				GCC_WARN_64_TO_32_BIT_CONVERSION = YES;
				GCC_WARN_ABOUT_RETURN_TYPE = YES_ERROR;
				GCC_WARN_UNDECLARED_SELECTOR = YES;
				GCC_WARN_UNINITIALIZED_AUTOS = YES_AGGRESSIVE;
				GCC_WARN_UNUSED_FUNCTION = YES;
				GCC_WARN_UNUSED_VARIABLE = YES;
				IPHONEOS_DEPLOYMENT_TARGET = 16.1;
				MTL_ENABLE_DEBUG_INFO = NO;
				MTL_FAST_MATH = YES;
				SDKROOT = iphoneos;
				SWIFT_COMPILATION_MODE = wholemodule;
				SWIFT_OPTIMIZATION_LEVEL = "-O";
				VALIDATE_PRODUCT = YES;
			};
			name = Release;
		};
		AF3A7AF12938A797001AFD21 /* Debug */ = {
			isa = XCBuildConfiguration;
			buildSettings = {
				ASSETCATALOG_COMPILER_APPICON_NAME = AppIcon;
				ASSETCATALOG_COMPILER_GLOBAL_ACCENT_COLOR_NAME = AccentColor;
				CODE_SIGN_STYLE = Automatic;
				CURRENT_PROJECT_VERSION = 1;
				DEVELOPMENT_ASSET_PATHS = "\"premier_voyages/Preview Content\"";
				ENABLE_PREVIEWS = YES;
				GENERATE_INFOPLIST_FILE = YES;
				INFOPLIST_KEY_UIApplicationSceneManifest_Generation = YES;
				INFOPLIST_KEY_UIApplicationSupportsIndirectInputEvents = YES;
				INFOPLIST_KEY_UILaunchScreen_Generation = YES;
				INFOPLIST_KEY_UISupportedInterfaceOrientations_iPad = "UIInterfaceOrientationPortrait UIInterfaceOrientationPortraitUpsideDown UIInterfaceOrientationLandscapeLeft UIInterfaceOrientationLandscapeRight";
				INFOPLIST_KEY_UISupportedInterfaceOrientations_iPhone = "UIInterfaceOrientationPortrait UIInterfaceOrientationLandscapeLeft UIInterfaceOrientationLandscapeRight";
				LD_RUNPATH_SEARCH_PATHS = (
					"$(inherited)",
					"@executable_path/Frameworks",
				);
				MARKETING_VERSION = 1.0;
				PRODUCT_BUNDLE_IDENTIFIER = "com.simplonien.premier-voyages";
				PRODUCT_NAME = "$(TARGET_NAME)";
				SWIFT_EMIT_LOC_STRINGS = YES;
				SWIFT_VERSION = 5.0;
				TARGETED_DEVICE_FAMILY = "1,2";
			};
			name = Debug;
		};
		AF3A7AF22938A797001AFD21 /* Release */ = {
			isa = XCBuildConfiguration;
			buildSettings = {
				ASSETCATALOG_COMPILER_APPICON_NAME = AppIcon;
				ASSETCATALOG_COMPILER_GLOBAL_ACCENT_COLOR_NAME = AccentColor;
				CODE_SIGN_STYLE = Automatic;
				CURRENT_PROJECT_VERSION = 1;
				DEVELOPMENT_ASSET_PATHS = "\"premier_voyages/Preview Content\"";
				ENABLE_PREVIEWS = YES;
				GENERATE_INFOPLIST_FILE = YES;
				INFOPLIST_KEY_UIApplicationSceneManifest_Generation = YES;
				INFOPLIST_KEY_UIApplicationSupportsIndirectInputEvents = YES;
				INFOPLIST_KEY_UILaunchScreen_Generation = YES;
				INFOPLIST_KEY_UISupportedInterfaceOrientations_iPad = "UIInterfaceOrientationPortrait UIInterfaceOrientationPortraitUpsideDown UIInterfaceOrientationLandscapeLeft UIInterfaceOrientationLandscapeRight";
				INFOPLIST_KEY_UISupportedInterfaceOrientations_iPhone = "UIInterfaceOrientationPortrait UIInterfaceOrientationLandscapeLeft UIInterfaceOrientationLandscapeRight";
				LD_RUNPATH_SEARCH_PATHS = (
					"$(inherited)",
					"@executable_path/Frameworks",
				);
				MARKETING_VERSION = 1.0;
				PRODUCT_BUNDLE_IDENTIFIER = "com.simplonien.premier-voyages";
				PRODUCT_NAME = "$(TARGET_NAME)";
				SWIFT_EMIT_LOC_STRINGS = YES;
				SWIFT_VERSION = 5.0;
				TARGETED_DEVICE_FAMILY = "1,2";
			};
			name = Release;
		};
/* End XCBuildConfiguration section */

/* Begin XCConfigurationList section */
		AF3A7ADD2938A796001AFD21 /* Build configuration list for PBXProject "premier_voyages" */ = {
			isa = XCConfigurationList;
			buildConfigurations = (
				AF3A7AEE2938A797001AFD21 /* Debug */,
				AF3A7AEF2938A797001AFD21 /* Release */,
			);
			defaultConfigurationIsVisible = 0;
			defaultConfigurationName = Release;
		};
		AF3A7AF02938A797001AFD21 /* Build configuration list for PBXNativeTarget "premier_voyages" */ = {
			isa = XCConfigurationList;
			buildConfigurations = (
				AF3A7AF12938A797001AFD21 /* Debug */,
				AF3A7AF22938A797001AFD21 /* Release */,
			);
			defaultConfigurationIsVisible = 0;
			defaultConfigurationName = Release;
		};
/* End XCConfigurationList section */
	};
	rootObject = AF3A7ADA2938A796001AFD21 /* Project object */;
}
